
Microsoft Visual Studio Solution File, Format Version 12.00
# Visual Studio Version 16
VisualStudioVersion = 16.0.29418.71
MinimumVisualStudioVersion = 10.0.40219.1
Project("{FAE04EC0-301F-11D3-BF4B-00C04F79EFBC}") = "MvcMovie", "MvcMovie.csproj", "{64E75F50-8D07-4429-A334-DE66416C0099}"
EndProject
Global
	GlobalSection(SolutionConfigurationPlatforms) = preSolution
		Debug|Any CPU = Debug|Any CPU
		Release|Any CPU = Release|Any CPU
	EndGlobalSection
	GlobalSection(ProjectConfigurationPlatforms) = postSolution
		{64E75F50-8D07-4429-A334-DE66416C0099}.Debug|Any CPU.ActiveCfg = Debug|Any CPU
		{64E75F50-8D07-4429-A334-DE66416C0099}.Debug|Any CPU.Build.0 = Debug|Any CPU
		{64E75F50-8D07-4429-A334-DE66416C0099}.Release|Any CPU.ActiveCfg = Release|Any CPU
		{64E75F50-8D07-4429-A334-DE66416C0099}.Release|Any CPU.Build.0 = Release|Any CPU
	EndGlobalSection
	GlobalSection(SolutionProperties) = preSolution
		HideSolutionNode = FALSE
	EndGlobalSection
	GlobalSection(ExtensibilityGlobals) = postSolution
		SolutionGuid = {A6454691-13BF-4411-A245-075FF5D3B215}
	EndGlobalSection
EndGlobal
